
Microsoft Visual Studio Solution File, Format Version 12.00
# Visual Studio Version 17
VisualStudioVersion = 17.0.31903.59
MinimumVisualStudioVersion = 10.0.40219.1
Project("{FAE04EC0-301F-11D3-BF4B-00C04F79EFBC}") = "net-core-code-quality-reports", "src\net-core-code-quality-reports.csproj", "{BEF23276-F079-49A3-86FC-BF725AF6129A}"
EndProject
Project("{FAE04EC0-301F-11D3-BF4B-00C04F79EFBC}") = "test", "Test\test.csproj", "{15CB02BD-493A-46F3-9BA9-8EA9AB22D9EB}"
EndProject
Global
	GlobalSection(SolutionConfigurationPlatforms) = preSolution
		Debug|Any CPU = Debug|Any CPU
		Release|Any CPU = Release|Any CPU
	EndGlobalSection
	GlobalSection(SolutionProperties) = preSolution
		HideSolutionNode = FALSE
	EndGlobalSection
	GlobalSection(ProjectConfigurationPlatforms) = postSolution
		{BEF23276-F079-49A3-86FC-BF725AF6129A}.Debug|Any CPU.ActiveCfg = Debug|Any CPU
		{BEF23276-F079-49A3-86FC-BF725AF6129A}.Debug|Any CPU.Build.0 = Debug|Any CPU
		{BEF23276-F079-49A3-86FC-BF725AF6129A}.Release|Any CPU.ActiveCfg = Release|Any CPU
		{BEF23276-F079-49A3-86FC-BF725AF6129A}.Release|Any CPU.Build.0 = Release|Any CPU
		{15CB02BD-493A-46F3-9BA9-8EA9AB22D9EB}.Debug|Any CPU.ActiveCfg = Debug|Any CPU
		{15CB02BD-493A-46F3-9BA9-8EA9AB22D9EB}.Debug|Any CPU.Build.0 = Debug|Any CPU
		{15CB02BD-493A-46F3-9BA9-8EA9AB22D9EB}.Release|Any CPU.ActiveCfg = Release|Any CPU
		{15CB02BD-493A-46F3-9BA9-8EA9AB22D9EB}.Release|Any CPU.Build.0 = Release|Any CPU
	EndGlobalSection
EndGlobal
